
Microsoft Visual Studio Solution File, Format Version 12.00
# Visual Studio 15
VisualStudioVersion = 15.0.28307.329
MinimumVisualStudioVersion = 10.0.40219.1
Project("{8BC9CEB8-8B4A-11D0-8D11-00A0C91BC942}") = "CardGame", "RaylibGame\RaylibGame.vcxproj", "{F64DCF43-F9AA-4580-8A81-F11E3FCD4842}"
	ProjectSection(ProjectDependencies) = postProject
		{C60A6CC6-2609-4D76-B9BE-33109E0F67B9} = {C60A6CC6-2609-4D76-B9BE-33109E0F67B9}
		{F14AC1E6-A7A8-4270-AD57-F182F44DF21C} = {F14AC1E6-A7A8-4270-AD57-F182F44DF21C}
	EndProjectSection
EndProject
Project("{8BC9CEB8-8B4A-11D0-8D11-00A0C91BC942}") = "GameServer", "GameServer\GameServer.vcxproj", "{F14AC1E6-A7A8-4270-AD57-F182F44DF21C}"
EndProject
Project("{8BC9CEB8-8B4A-11D0-8D11-00A0C91BC942}") = "ECSlib", "ECSlib\ECSlib.vcxproj", "{C60A6CC6-2609-4D76-B9BE-33109E0F67B9}"
EndProject
Project("{8BC9CEB8-8B4A-11D0-8D11-00A0C91BC942}") = "GameArena", "GameArena\GameArena.vcxproj", "{65CEF438-036A-462D-8462-62124C35BB1D}"
	ProjectSection(ProjectDependencies) = postProject
		{C60A6CC6-2609-4D76-B9BE-33109E0F67B9} = {C60A6CC6-2609-4D76-B9BE-33109E0F67B9}
	EndProjectSection
EndProject
Global
	GlobalSection(SolutionConfigurationPlatforms) = preSolution
		Debug.DLL|x64 = Debug.DLL|x64
		Debug.DLL|x86 = Debug.DLL|x86
		Debug|x64 = Debug|x64
		Debug|x86 = Debug|x86
		Release.DLL|x64 = Release.DLL|x64
		Release.DLL|x86 = Release.DLL|x86
		Release|x64 = Release|x64
		Release|x86 = Release|x86
	EndGlobalSection
	GlobalSection(ProjectConfigurationPlatforms) = postSolution
		{F64DCF43-F9AA-4580-8A81-F11E3FCD4842}.Debug.DLL|x64.ActiveCfg = Debug|x64
		{F64DCF43-F9AA-4580-8A81-F11E3FCD4842}.Debug.DLL|x64.Build.0 = Debug|x64
		{F64DCF43-F9AA-4580-8A81-F11E3FCD4842}.Debug.DLL|x86.ActiveCfg = Debug|Win32
		{F64DCF43-F9AA-4580-8A81-F11E3FCD4842}.Debug.DLL|x86.Build.0 = Debug|Win32
		{F64DCF43-F9AA-4580-8A81-F11E3FCD4842}.Debug|x64.ActiveCfg = Debug|x64
		{F64DCF43-F9AA-4580-8A81-F11E3FCD4842}.Debug|x64.Build.0 = Debug|x64
		{F64DCF43-F9AA-4580-8A81-F11E3FCD4842}.Debug|x86.ActiveCfg = Debug|Win32
		{F64DCF43-F9AA-4580-8A81-F11E3FCD4842}.Debug|x86.Build.0 = Debug|Win32
		{F64DCF43-F9AA-4580-8A81-F11E3FCD4842}.Release.DLL|x64.ActiveCfg = Release|x64
		{F64DCF43-F9AA-4580-8A81-F11E3FCD4842}.Release.DLL|x64.Build.0 = Release|x64
		{F64DCF43-F9AA-4580-8A81-F11E3FCD4842}.Release.DLL|x86.ActiveCfg = Release|Win32
		{F64DCF43-F9AA-4580-8A81-F11E3FCD4842}.Release.DLL|x86.Build.0 = Release|Win32
		{F64DCF43-F9AA-4580-8A81-F11E3FCD4842}.Release|x64.ActiveCfg = Release|x64
		{F64DCF43-F9AA-4580-8A81-F11E3FCD4842}.Release|x64.Build.0 = Release|x64
		{F64DCF43-F9AA-4580-8A81-F11E3FCD4842}.Release|x86.ActiveCfg = Release|Win32
		{F64DCF43-F9AA-4580-8A81-F11E3FCD4842}.Release|x86.Build.0 = Release|Win32
		{F14AC1E6-A7A8-4270-AD57-F182F44DF21C}.Debug.DLL|x64.ActiveCfg = Debug|x64
		{F14AC1E6-A7A8-4270-AD57-F182F44DF21C}.Debug.DLL|x64.Build.0 = Debug|x64
		{F14AC1E6-A7A8-4270-AD57-F182F44DF21C}.Debug.DLL|x86.ActiveCfg = Debug|Win32
		{F14AC1E6-A7A8-4270-AD57-F182F44DF21C}.Debug.DLL|x86.Build.0 = Debug|Win32
		{F14AC1E6-A7A8-4270-AD57-F182F44DF21C}.Debug|x64.ActiveCfg = Debug|x64
		{F14AC1E6-A7A8-4270-AD57-F182F44DF21C}.Debug|x64.Build.0 = Debug|x64
		{F14AC1E6-A7A8-4270-AD57-F182F44DF21C}.Debug|x86.ActiveCfg = Debug|Win32
		{F14AC1E6-A7A8-4270-AD57-F182F44DF21C}.Debug|x86.Build.0 = Debug|Win32
		{F14AC1E6-A7A8-4270-AD57-F182F44DF21C}.Release.DLL|x64.ActiveCfg = Release|x64
		{F14AC1E6-A7A8-4270-AD57-F182F44DF21C}.Release.DLL|x64.Build.0 = Release|x64
		{F14AC1E6-A7A8-4270-AD57-F182F44DF21C}.Release.DLL|x86.ActiveCfg = Release|Win32
		{F14AC1E6-A7A8-4270-AD57-F182F44DF21C}.Release.DLL|x86.Build.0 = Release|Win32
		{F14AC1E6-A7A8-4270-AD57-F182F44DF21C}.Release|x64.ActiveCfg = Release|x64
		{F14AC1E6-A7A8-4270-AD57-F182F44DF21C}.Release|x64.Build.0 = Release|x64
		{F14AC1E6-A7A8-4270-AD57-F182F44DF21C}.Release|x86.ActiveCfg = Release|Win32
		{F14AC1E6-A7A8-4270-AD57-F182F44DF21C}.Release|x86.Build.0 = Release|Win32
		{C60A6CC6-2609-4D76-B9BE-33109E0F67B9}.Debug.DLL|x64.ActiveCfg = Debug|x64
		{C60A6CC6-2609-4D76-B9BE-33109E0F67B9}.Debug.DLL|x64.Build.0 = Debug|x64
		{C60A6CC6-2609-4D76-B9BE-33109E0F67B9}.Debug.DLL|x86.ActiveCfg = Debug|Win32
		{C60A6CC6-2609-4D76-B9BE-33109E0F67B9}.Debug.DLL|x86.Build.0 = Debug|Win32
		{C60A6CC6-2609-4D76-B9BE-33109E0F67B9}.Debug|x64.ActiveCfg = Debug|x64
		{C60A6CC6-2609-4D76-B9BE-33109E0F67B9}.Debug|x64.Build.0 = Debug|x64
		{C60A6CC6-2609-4D76-B9BE-33109E0F67B9}.Debug|x86.ActiveCfg = Debug|Win32
		{C60A6CC6-2609-4D76-B9BE-33109E0F67B9}.Debug|x86.Build.0 = Debug|Win32
		{C60A6CC6-2609-4D76-B9BE-33109E0F67B9}.Release.DLL|x64.ActiveCfg = Release|x64
		{C60A6CC6-2609-4D76-B9BE-33109E0F67B9}.Release.DLL|x64.Build.0 = Release|x64
		{C60A6CC6-2609-4D76-B9BE-33109E0F67B9}.Release.DLL|x86.ActiveCfg = Release|Win32
		{C60A6CC6-2609-4D76-B9BE-33109E0F67B9}.Release.DLL|x86.Build.0 = Release|Win32
		{C60A6CC6-2609-4D76-B9BE-33109E0F67B9}.Release|x64.ActiveCfg = Release|x64
		{C60A6CC6-2609-4D76-B9BE-33109E0F67B9}.Release|x64.Build.0 = Release|x64
		{C60A6CC6-2609-4D76-B9BE-33109E0F67B9}.Release|x86.ActiveCfg = Release|Win32
		{C60A6CC6-2609-4D76-B9BE-33109E0F67B9}.Release|x86.Build.0 = Release|Win32
		{65CEF438-036A-462D-8462-62124C35BB1D}.Debug.DLL|x64.ActiveCfg = Debug|x64
		{65CEF438-036A-462D-8462-62124C35BB1D}.Debug.DLL|x64.Build.0 = Debug|x64
		{65CEF438-036A-462D-8462-62124C35BB1D}.Debug.DLL|x86.ActiveCfg = Debug|Win32
		{65CEF438-036A-462D-8462-62124C35BB1D}.Debug.DLL|x86.Build.0 = Debug|Win32
		{65CEF438-036A-462D-8462-62124C35BB1D}.Debug|x64.ActiveCfg = Debug|x64
		{65CEF438-036A-462D-8462-62124C35BB1D}.Debug|x64.Build.0 = Debug|x64
		{65CEF438-036A-462D-8462-62124C35BB1D}.Debug|x86.ActiveCfg = Debug|Win32
		{65CEF438-036A-462D-8462-62124C35BB1D}.Debug|x86.Build.0 = Debug|Win32
		{65CEF438-036A-462D-8462-62124C35BB1D}.Release.DLL|x64.ActiveCfg = Release|x64
		{65CEF438-036A-462D-8462-62124C35BB1D}.Release.DLL|x64.Build.0 = Release|x64
		{65CEF438-036A-462D-8462-62124C35BB1D}.Release.DLL|x86.ActiveCfg = Release|Win32
		{65CEF438-036A-462D-8462-62124C35BB1D}.Release.DLL|x86.Build.0 = Release|Win32
		{65CEF438-036A-462D-8462-62124C35BB1D}.Release|x64.ActiveCfg = Release|x64
		{65CEF438-036A-462D-8462-62124C35BB1D}.Release|x64.Build.0 = Release|x64
		{65CEF438-036A-462D-8462-62124C35BB1D}.Release|x86.ActiveCfg = Release|Win32
		{65CEF438-036A-462D-8462-62124C35BB1D}.Release|x86.Build.0 = Release|Win32
	EndGlobalSection
	GlobalSection(SolutionProperties) = preSolution
		HideSolutionNode = FALSE
	EndGlobalSection
	GlobalSection(ExtensibilityGlobals) = postSolution
		SolutionGuid = {E2EB353E-E960-4924-9580-EBB61AB2C5B7}
	EndGlobalSection
EndGlobal
