<?xml version="1.0" encoding="utf-8"?>
<Project ToolsVersion="4.0" xmlns="http://schemas.microsoft.com/developer/msbuild/2003">
  <ItemGroup>
    <Filter Include="Source Files">
      <UniqueIdentifier>{4FC737F1-C7A5-4376-A066-2A32D752A2FF}</UniqueIdentifier>
      <Extensions>cpp;c;cc;cxx;def;odl;idl;hpj;bat;asm;asmx</Extensions>
    </Filter>
    <Filter Include="Header Files">
      <UniqueIdentifier>{93995380-89BD-4b04-88EB-625FBE52EBFB}</UniqueIdentifier>
      <Extensions>h;hh;hpp;hxx;hm;inl;inc;ipp;xsd</Extensions>
    </Filter>
    <Filter Include="Resource Files">
      <UniqueIdentifier>{67DA6AB6-F800-4c08-8B7A-83BB121AAD01}</UniqueIdentifier>
      <Extensions>rc;ico;cur;bmp;dlg;rc2;rct;bin;rgs;gif;jpg;jpeg;jpe;resx;tiff;tif;png;wav;mfcribbon-ms</Extensions>
    </Filter>
    <Filter Include="ECS">
      <UniqueIdentifier>{25281593-fdc2-47d3-ad6a-81debea3ed22}</UniqueIdentifier>
    </Filter>
    <Filter Include="ECS\Components">
      <UniqueIdentifier>{e78df1a1-992c-418d-9030-da5ee22fdf1a}</UniqueIdentifier>
    </Filter>
    <Filter Include="ECS\Systems">
      <UniqueIdentifier>{67a182c3-396d-4216-91df-d4346ec02b3b}</UniqueIdentifier>
    </Filter>
  </ItemGroup>
  <ItemGroup>
    <ClCompile Include="main.cpp">
      <Filter>Source Files</Filter>
    </ClCompile>
  </ItemGroup>
  <ItemGroup>
    <ClInclude Include="nvidia.h">
      <Filter>Header Files</Filter>
    </ClInclude>
    <ClInclude Include="Helpers.h">
      <Filter>Header Files</Filter>
    </ClInclude>
    <ClInclude Include="ECS.h">
      <Filter>ECS</Filter>
    </ClInclude>
    <ClInclude Include="PositionComponent.h">
      <Filter>ECS</Filter>
    </ClInclude>
    <ClInclude Include="SpriteComponent.h">
      <Filter>ECS\Components</Filter>
    </ClInclude>
    <ClInclude Include="TransformComponent.h">
      <Filter>ECS\Components</Filter>
    </ClInclude>
    <ClInclude Include="DrawSystem.h">
      <Filter>ECS\Systems</Filter>
    </ClInclude>
    <ClInclude Include="Entity.h">
      <Filter>ECS</Filter>
    </ClInclude>
    <ClInclude Include="Component.h">
      <Filter>ECS</Filter>
    </ClInclude>
    <ClInclude Include="System.h">
      <Filter>ECS</Filter>
    </ClInclude>
    <ClInclude Include="Pool.h">
      <Filter>ECS</Filter>
    </ClInclude>
    <ClInclude Include="Systems.h">
      <Filter>ECS\Systems</Filter>
    </ClInclude>
    <ClInclude Include="MouseInputComponent.h">
      <Filter>ECS\Components</Filter>
    </ClInclude>
    <ClInclude Include="MouseInputSystem.h">
      <Filter>ECS\Systems</Filter>
    </ClInclude>
    <ClInclude Include="Components.h">
      <Filter>ECS\Components</Filter>
    </ClInclude>
    <ClInclude Include="EventComponent.h">
      <Filter>ECS\Components</Filter>
    </ClInclude>
    <ClInclude Include="EventSystem.h">
      <Filter>ECS\Systems</Filter>
    </ClInclude>
  </ItemGroup>
</Project>